
Microsoft Visual Studio Solution File, Format Version 12.00
# Visual Studio 15
VisualStudioVersion = 15.0.28307.168
MinimumVisualStudioVersion = 10.0.40219.1
Project("{FAE04EC0-301F-11D3-BF4B-00C04F79EFBC}") = "MovieApp", "MovieApp\MovieApp.csproj", "{D1A82850-4D01-4A50-AA5B-875A11BD1D84}"
EndProject
Global
	GlobalSection(SolutionConfigurationPlatforms) = preSolution
		Debug|Any CPU = Debug|Any CPU
		Release|Any CPU = Release|Any CPU
	EndGlobalSection
	GlobalSection(ProjectConfigurationPlatforms) = postSolution
		{D1A82850-4D01-4A50-AA5B-875A11BD1D84}.Debug|Any CPU.ActiveCfg = Debug|Any CPU
		{D1A82850-4D01-4A50-AA5B-875A11BD1D84}.Debug|Any CPU.Build.0 = Debug|Any CPU
		{D1A82850-4D01-4A50-AA5B-875A11BD1D84}.Release|Any CPU.ActiveCfg = Release|Any CPU
		{D1A82850-4D01-4A50-AA5B-875A11BD1D84}.Release|Any CPU.Build.0 = Release|Any CPU
	EndGlobalSection
	GlobalSection(SolutionProperties) = preSolution
		HideSolutionNode = FALSE
	EndGlobalSection
	GlobalSection(ExtensibilityGlobals) = postSolution
		SolutionGuid = {2AAB8444-56C6-4E4C-B2CE-FC6A976196EB}
	EndGlobalSection
EndGlobal
